
Microsoft Visual Studio Solution File, Format Version 12.00
# Visual Studio 2013
VisualStudioVersion = 12.0.40629.0
MinimumVisualStudioVersion = 10.0.40219.1
Project("{FAE04EC0-301F-11D3-BF4B-00C04F79EFBC}") = "MessageBusLib", "MessageBusLib\MessageBusLib.csproj", "{917D6993-C75D-4C65-8C9C-39B1F9EF23D4}"
EndProject
Project("{FAE04EC0-301F-11D3-BF4B-00C04F79EFBC}") = "MessageBusLibDemo", "MessageBusLibDemo\MessageBusLibDemo.csproj", "{C9CCCB7E-4F6C-40F0-ADE3-3F48E7D6BEB1}"
EndProject
Project("{2150E333-8FDC-42A3-9474-1A3956D46DE8}") = "NetworkEqptMonitor", "NetworkEqptMonitor", "{A480BC47-B3E6-4EAD-AFBF-4B5108940719}"
EndProject
Project("{FAE04EC0-301F-11D3-BF4B-00C04F79EFBC}") = "NetworkEqptMonitorServer", "NetworkEqptMonitorServer\NetworkEqptMonitorServer.csproj", "{7A17AF0D-3B26-4062-AAEF-B687E758A054}"
EndProject
Project("{FAE04EC0-301F-11D3-BF4B-00C04F79EFBC}") = "NetworkEqptMonitorClient", "NetworkEqptMonitorClient\NetworkEqptMonitorClient.csproj", "{F488DE57-747D-4DDD-9761-AAE7BDD41E4A}"
EndProject
Project("{FAE04EC0-301F-11D3-BF4B-00C04F79EFBC}") = "SystemConfiguration", "SystemConfiguration\SystemConfiguration.csproj", "{F652F316-4C36-40A0-A247-F48E76DC85D9}"
EndProject
Global
	GlobalSection(SolutionConfigurationPlatforms) = preSolution
		Debug|Any CPU = Debug|Any CPU
		Release|Any CPU = Release|Any CPU
	EndGlobalSection
	GlobalSection(ProjectConfigurationPlatforms) = postSolution
		{917D6993-C75D-4C65-8C9C-39B1F9EF23D4}.Debug|Any CPU.ActiveCfg = Debug|Any CPU
		{917D6993-C75D-4C65-8C9C-39B1F9EF23D4}.Debug|Any CPU.Build.0 = Debug|Any CPU
		{917D6993-C75D-4C65-8C9C-39B1F9EF23D4}.Release|Any CPU.ActiveCfg = Release|Any CPU
		{917D6993-C75D-4C65-8C9C-39B1F9EF23D4}.Release|Any CPU.Build.0 = Release|Any CPU
		{C9CCCB7E-4F6C-40F0-ADE3-3F48E7D6BEB1}.Debug|Any CPU.ActiveCfg = Debug|Any CPU
		{C9CCCB7E-4F6C-40F0-ADE3-3F48E7D6BEB1}.Debug|Any CPU.Build.0 = Debug|Any CPU
		{C9CCCB7E-4F6C-40F0-ADE3-3F48E7D6BEB1}.Release|Any CPU.ActiveCfg = Release|Any CPU
		{C9CCCB7E-4F6C-40F0-ADE3-3F48E7D6BEB1}.Release|Any CPU.Build.0 = Release|Any CPU
		{7A17AF0D-3B26-4062-AAEF-B687E758A054}.Debug|Any CPU.ActiveCfg = Debug|Any CPU
		{7A17AF0D-3B26-4062-AAEF-B687E758A054}.Debug|Any CPU.Build.0 = Debug|Any CPU
		{7A17AF0D-3B26-4062-AAEF-B687E758A054}.Release|Any CPU.ActiveCfg = Release|Any CPU
		{7A17AF0D-3B26-4062-AAEF-B687E758A054}.Release|Any CPU.Build.0 = Release|Any CPU
		{F488DE57-747D-4DDD-9761-AAE7BDD41E4A}.Debug|Any CPU.ActiveCfg = Debug|Any CPU
		{F488DE57-747D-4DDD-9761-AAE7BDD41E4A}.Debug|Any CPU.Build.0 = Debug|Any CPU
		{F488DE57-747D-4DDD-9761-AAE7BDD41E4A}.Release|Any CPU.ActiveCfg = Release|Any CPU
		{F488DE57-747D-4DDD-9761-AAE7BDD41E4A}.Release|Any CPU.Build.0 = Release|Any CPU
		{F652F316-4C36-40A0-A247-F48E76DC85D9}.Debug|Any CPU.ActiveCfg = Debug|Any CPU
		{F652F316-4C36-40A0-A247-F48E76DC85D9}.Debug|Any CPU.Build.0 = Debug|Any CPU
		{F652F316-4C36-40A0-A247-F48E76DC85D9}.Release|Any CPU.ActiveCfg = Release|Any CPU
		{F652F316-4C36-40A0-A247-F48E76DC85D9}.Release|Any CPU.Build.0 = Release|Any CPU
	EndGlobalSection
	GlobalSection(SolutionProperties) = preSolution
		HideSolutionNode = FALSE
	EndGlobalSection
	GlobalSection(NestedProjects) = preSolution
		{7A17AF0D-3B26-4062-AAEF-B687E758A054} = {A480BC47-B3E6-4EAD-AFBF-4B5108940719}
		{F488DE57-747D-4DDD-9761-AAE7BDD41E4A} = {A480BC47-B3E6-4EAD-AFBF-4B5108940719}
		{F652F316-4C36-40A0-A247-F48E76DC85D9} = {A480BC47-B3E6-4EAD-AFBF-4B5108940719}
	EndGlobalSection
EndGlobal
